
Microsoft Visual Studio Solution File, Format Version 12.00
# Visual Studio 15
VisualStudioVersion = 15.0.27004.2002
MinimumVisualStudioVersion = 10.0.40219.1
Project("{9A19103F-16F7-4668-BE54-9A1E7A4F7556}") = "AzureCliSnippets", "AzureCliSnippets\AzureCliSnippets.csproj", "{5A19CE4B-2548-4A88-AADF-1038E414A0F8}"
EndProject
Project("{2150E333-8FDC-42A3-9474-1A3956D46DE8}") = "Solution Items", "Solution Items", "{BA4FAEA9-21F4-47D2-86AB-B548CE0DD8D4}"
	ProjectSection(SolutionItems) = preProject
		README.md = README.md
	EndProjectSection
EndProject
Global
	GlobalSection(SolutionConfigurationPlatforms) = preSolution
		Debug|Any CPU = Debug|Any CPU
		Release|Any CPU = Release|Any CPU
	EndGlobalSection
	GlobalSection(ProjectConfigurationPlatforms) = postSolution
		{5A19CE4B-2548-4A88-AADF-1038E414A0F8}.Debug|Any CPU.ActiveCfg = Debug|Any CPU
		{5A19CE4B-2548-4A88-AADF-1038E414A0F8}.Debug|Any CPU.Build.0 = Debug|Any CPU
		{5A19CE4B-2548-4A88-AADF-1038E414A0F8}.Release|Any CPU.ActiveCfg = Release|Any CPU
		{5A19CE4B-2548-4A88-AADF-1038E414A0F8}.Release|Any CPU.Build.0 = Release|Any CPU
	EndGlobalSection
	GlobalSection(SolutionProperties) = preSolution
		HideSolutionNode = FALSE
	EndGlobalSection
	GlobalSection(ExtensibilityGlobals) = postSolution
		SolutionGuid = {6C52BC8C-46DE-480F-9538-FD113165254D}
	EndGlobalSection
EndGlobal
